
Microsoft Visual Studio Solution File, Format Version 12.00
# Visual Studio Version 17
VisualStudioVersion = 17.14.36119.2 d17.14
MinimumVisualStudioVersion = 10.0.40219.1
Project("{FAE04EC0-301F-11D3-BF4B-00C04F79EFBC}") = "WebApplication5", "WebApplication5\WebApplication5.csproj", "{AD3B7639-E59F-4C60-A7B2-847E2E02F5C2}"
EndProject
Global
	GlobalSection(SolutionConfigurationPlatforms) = preSolution
		Debug|Any CPU = Debug|Any CPU
		Release|Any CPU = Release|Any CPU
	EndGlobalSection
	GlobalSection(ProjectConfigurationPlatforms) = postSolution
		{AD3B7639-E59F-4C60-A7B2-847E2E02F5C2}.Debug|Any CPU.ActiveCfg = Debug|Any CPU
		{AD3B7639-E59F-4C60-A7B2-847E2E02F5C2}.Debug|Any CPU.Build.0 = Debug|Any CPU
		{AD3B7639-E59F-4C60-A7B2-847E2E02F5C2}.Release|Any CPU.ActiveCfg = Release|Any CPU
		{AD3B7639-E59F-4C60-A7B2-847E2E02F5C2}.Release|Any CPU.Build.0 = Release|Any CPU
	EndGlobalSection
	GlobalSection(SolutionProperties) = preSolution
		HideSolutionNode = FALSE
	EndGlobalSection
	GlobalSection(ExtensibilityGlobals) = postSolution
		SolutionGuid = {D7E14E76-3A22-44B6-A097-609C18EC8179}
	EndGlobalSection
EndGlobal
